
Microsoft Visual Studio Solution File, Format Version 12.00
# Visual Studio Version 16
VisualStudioVersion = 16.0.29926.136
MinimumVisualStudioVersion = 10.0.40219.1
Project("{FAE04EC0-301F-11D3-BF4B-00C04F79EFBC}") = "Sweepstakes", "Sweepstakes\Sweepstakes.csproj", "{29C0E2CE-045B-427F-B924-CD4D83D77EE8}"
EndProject
Global
	GlobalSection(SolutionConfigurationPlatforms) = preSolution
		Debug|Any CPU = Debug|Any CPU
		Release|Any CPU = Release|Any CPU
	EndGlobalSection
	GlobalSection(ProjectConfigurationPlatforms) = postSolution
		{29C0E2CE-045B-427F-B924-CD4D83D77EE8}.Debug|Any CPU.ActiveCfg = Debug|Any CPU
		{29C0E2CE-045B-427F-B924-CD4D83D77EE8}.Debug|Any CPU.Build.0 = Debug|Any CPU
		{29C0E2CE-045B-427F-B924-CD4D83D77EE8}.Release|Any CPU.ActiveCfg = Release|Any CPU
		{29C0E2CE-045B-427F-B924-CD4D83D77EE8}.Release|Any CPU.Build.0 = Release|Any CPU
	EndGlobalSection
	GlobalSection(SolutionProperties) = preSolution
		HideSolutionNode = FALSE
	EndGlobalSection
	GlobalSection(ExtensibilityGlobals) = postSolution
		SolutionGuid = {B47E6F0A-89D4-454F-8E7F-9575AF0A78B9}
	EndGlobalSection
EndGlobal
